
Microsoft Visual Studio Solution File, Format Version 12.00
# Visual Studio 15
VisualStudioVersion = 15.0.27703.2047
MinimumVisualStudioVersion = 10.0.40219.1
Project("{FAE04EC0-301F-11D3-BF4B-00C04F79EFBC}") = "Arrays", "Arrays\Arrays.csproj", "{CD8AA759-5CDC-4C03-9E0F-D2B4D0385818}"
EndProject
Global
	GlobalSection(SolutionConfigurationPlatforms) = preSolution
		Debug|Any CPU = Debug|Any CPU
		Release|Any CPU = Release|Any CPU
	EndGlobalSection
	GlobalSection(ProjectConfigurationPlatforms) = postSolution
		{CD8AA759-5CDC-4C03-9E0F-D2B4D0385818}.Debug|Any CPU.ActiveCfg = Debug|Any CPU
		{CD8AA759-5CDC-4C03-9E0F-D2B4D0385818}.Debug|Any CPU.Build.0 = Debug|Any CPU
		{CD8AA759-5CDC-4C03-9E0F-D2B4D0385818}.Release|Any CPU.ActiveCfg = Release|Any CPU
		{CD8AA759-5CDC-4C03-9E0F-D2B4D0385818}.Release|Any CPU.Build.0 = Release|Any CPU
	EndGlobalSection
	GlobalSection(SolutionProperties) = preSolution
		HideSolutionNode = FALSE
	EndGlobalSection
	GlobalSection(ExtensibilityGlobals) = postSolution
		SolutionGuid = {E937BEDB-F2C3-4DB5-9D4E-F5C8169F64A5}
	EndGlobalSection
EndGlobal
